
Microsoft Visual Studio Solution File, Format Version 12.00
# Visual Studio Version 16
VisualStudioVersion = 16.0.34601.136
MinimumVisualStudioVersion = 10.0.40219.1
Project("{FAE04EC0-301F-11D3-BF4B-00C04F79EFBC}") = "CalculatorApplication", "SampleCalculator\CalculatorApplication.csproj", "{2396F44A-A336-41B1-856D-7A08EA52ACBB}"
EndProject
Global
	GlobalSection(SolutionConfigurationPlatforms) = preSolution
		Debug|Any CPU = Debug|Any CPU
		Release|Any CPU = Release|Any CPU
	EndGlobalSection
	GlobalSection(ProjectConfigurationPlatforms) = postSolution
		{2396F44A-A336-41B1-856D-7A08EA52ACBB}.Debug|Any CPU.ActiveCfg = Debug|Any CPU
		{2396F44A-A336-41B1-856D-7A08EA52ACBB}.Debug|Any CPU.Build.0 = Debug|Any CPU
		{2396F44A-A336-41B1-856D-7A08EA52ACBB}.Release|Any CPU.ActiveCfg = Release|Any CPU
		{2396F44A-A336-41B1-856D-7A08EA52ACBB}.Release|Any CPU.Build.0 = Release|Any CPU
	EndGlobalSection
	GlobalSection(SolutionProperties) = preSolution
		HideSolutionNode = FALSE
	EndGlobalSection
	GlobalSection(ExtensibilityGlobals) = postSolution
		SolutionGuid = {775E2394-25BD-47B9-BD57-FD106711B075}
	EndGlobalSection
EndGlobal
